Microsoft Visual Studio Solution File, Format Version 12.00
# Visual Studio Version 17
VisualStudioVersion = 17.5.2.0
MinimumVisualStudioVersion = 10.0.40219.1
Project("{FAE04EC0-301F-11D3-BF4B-00C04F79EFBC}") = "Integrity Checker-MEP", "Integrity Checker-MEP.csproj", "{398208EF-50DF-56AE-B34D-62F921A13710}"
EndProject
Global
	GlobalSection(SolutionConfigurationPlatforms) = preSolution
		Debug|Any CPU = Debug|Any CPU
		Release|Any CPU = Release|Any CPU
	EndGlobalSection
	GlobalSection(ProjectConfigurationPlatforms) = postSolution
		{398208EF-50DF-56AE-B34D-62F921A13710}.Debug|Any CPU.ActiveCfg = Debug|Any CPU
		{398208EF-50DF-56AE-B34D-62F921A13710}.Debug|Any CPU.Build.0 = Debug|Any CPU
		{398208EF-50DF-56AE-B34D-62F921A13710}.Release|Any CPU.ActiveCfg = Release|Any CPU
		{398208EF-50DF-56AE-B34D-62F921A13710}.Release|Any CPU.Build.0 = Release|Any CPU
	EndGlobalSection
	GlobalSection(SolutionProperties) = preSolution
		HideSolutionNode = FALSE
	EndGlobalSection
	GlobalSection(ExtensibilityGlobals) = postSolution
		SolutionGuid = {41015491-04B4-4A0D-AE64-8F5D1FC5BF7A}
	EndGlobalSection
EndGlobal
